// !$*UTF8*$!
{
	archiveVersion = 1;
	classes = {
	};
	objectVersion = 56;
	objects = {

/* Begin PBXBuildFile section */
		1A2B3C4D5300000000000001 /* MarkdownParser.swift in Sources */ = {isa = PBXBuildFile; fileRef = 1A2B3C4D5200000000000001 /* MarkdownParser.swift */; };
		1A2B3C4D5300000000000002 /* MarkdownParser.swift in Sources */ = {isa = PBXBuildFile; fileRef = 1A2B3C4D5200000000000001 /* MarkdownParser.swift */; };
		1A2B3C4D5300000000000003 /* MarkdownParser.swift in Sources */ = {isa = PBXBuildFile; fileRef = 1A2B3C4D5200000000000001 /* MarkdownParser.swift */; };
		1A2B3C4D530000000000000E /* PDFRenderer.swift in Sources */ = {isa = PBXBuildFile; fileRef = 1A2B3C4D520000000000000F /* PDFRenderer.swift */; };
		1A2B3C4D530000000000000F /* PDFRenderer.swift in Sources */ = {isa = PBXBuildFile; fileRef = 1A2B3C4D520000000000000F /* PDFRenderer.swift */; };
		1A2B3C4D5300000000000010 /* QuickLook.swift in Sources */ = {isa = PBXBuildFile; fileRef = 1A2B3C4D5200000000000010 /* QuickLook.swift */; };
		1A2B3C4D5300000000000011 /* Bridges-macOS.swift in Sources */ = {isa = PBXBuildFile; fileRef = 1A2B3C4D5200000000000011 /* Bridges-macOS.swift */; };
		1A2B3C4D5300000000000012 /* Bridges-macOS.swift in Sources */ = {isa = PBXBuildFile; fileRef = 1A2B3C4D5200000000000011 /* Bridges-macOS.swift */; };
		1A2B3C4D5300000000000013 /* Bridges-iOS.swift in Sources */ = {isa = PBXBuildFile; fileRef = 1A2B3C4D5200000000000012 /* Bridges-iOS.swift */; };
		1A2B3C4D5300000000000014 /* Platform.swift in Sources */ = {isa = PBXBuildFile; fileRef = 1A2B3C4D5200000000000013 /* Platform.swift */; };
		1A2B3C4D5300000000000015 /* Platform.swift in Sources */ = {isa = PBXBuildFile; fileRef = 1A2B3C4D5200000000000013 /* Platform.swift */; };
		1A2B3C4D5300000000000016 /* Platform.swift in Sources */ = {isa = PBXBuildFile; fileRef = 1A2B3C4D5200000000000013 /* Platform.swift */; };
		1A2B3C4D5300000000000017 /* FontRole.swift in Sources */ = {isa = PBXBuildFile; fileRef = 1A2B3C4D5200000000000014 /* FontRole.swift */; };
		1A2B3C4D5300000000000018 /* FontRole.swift in Sources */ = {isa = PBXBuildFile; fileRef = 1A2B3C4D5200000000000014 /* FontRole.swift */; };
		1A2B3C4D5300000000000019 /* FontRole.swift in Sources */ = {isa = PBXBuildFile; fileRef = 1A2B3C4D5200000000000014 /* FontRole.swift */; };
		1A2B3C4D530000000000001A /* Environment.swift in Sources */ = {isa = PBXBuildFile; fileRef = 1A2B3C4D5200000000000015 /* Environment.swift */; };
		1A2B3C4D530000000000001B /* Environment.swift in Sources */ = {isa = PBXBuildFile; fileRef = 1A2B3C4D5200000000000015 /* Environment.swift */; };
		1A2B3C4D530000000000001C /* Environment.swift in Sources */ = {isa = PBXBuildFile; fileRef = 1A2B3C4D5200000000000015 /* Environment.swift */; };
		1A2B3C4D530000000000001D /* App.swift in Sources */ = {isa = PBXBuildFile; fileRef = 1A2B3C4D5200000000000016 /* App.swift */; };
		1A2B3C4D530000000000001E /* App.swift in Sources */ = {isa = PBXBuildFile; fileRef = 1A2B3C4D5200000000000016 /* App.swift */; };
		1A2B3C4D530000000000001F /* AppShell.swift in Sources */ = {isa = PBXBuildFile; fileRef = 1A2B3C4D5200000000000017 /* AppShell.swift */; };
		1A2B3C4D5300000000000020 /* AppShell.swift in Sources */ = {isa = PBXBuildFile; fileRef = 1A2B3C4D5200000000000017 /* AppShell.swift */; };
		1A2B3C4D5300000000000021 /* Toolbar.swift in Sources */ = {isa = PBXBuildFile; fileRef = 1A2B3C4D5200000000000018 /* Toolbar.swift */; };
		1A2B3C4D5300000000000022 /* Toolbar.swift in Sources */ = {isa = PBXBuildFile; fileRef = 1A2B3C4D5200000000000018 /* Toolbar.swift */; };
		1A2B3C4D5300000000000023 /* Toolbar-macOS.swift in Sources */ = {isa = PBXBuildFile; fileRef = 1A2B3C4D5200000000000019 /* Toolbar-macOS.swift */; };
		1A2B3C4D5300000000000024 /* MarkdownView.swift in Sources */ = {isa = PBXBuildFile; fileRef = 1A2B3C4D520000000000001A /* MarkdownView.swift */; };
		1A2B3C4D5300000000000025 /* MarkdownView.swift in Sources */ = {isa = PBXBuildFile; fileRef = 1A2B3C4D520000000000001A /* MarkdownView.swift */; };
		1A2B3C4D5300000000000026 /* MarkdownView.swift in Sources */ = {isa = PBXBuildFile; fileRef = 1A2B3C4D520000000000001A /* MarkdownView.swift */; };
		1A2B3C4D5300000000000027 /* BlockViews.swift in Sources */ = {isa = PBXBuildFile; fileRef = 1A2B3C4D520000000000001B /* BlockViews.swift */; };
		1A2B3C4D5300000000000028 /* BlockViews.swift in Sources */ = {isa = PBXBuildFile; fileRef = 1A2B3C4D520000000000001B /* BlockViews.swift */; };
		1A2B3C4D5300000000000029 /* BlockViews.swift in Sources */ = {isa = PBXBuildFile; fileRef = 1A2B3C4D520000000000001B /* BlockViews.swift */; };
		1A2B3C4D530000000000002A /* SelectableText.swift in Sources */ = {isa = PBXBuildFile; fileRef = 1A2B3C4D520000000000001C /* SelectableText.swift */; };
		1A2B3C4D530000000000002B /* SelectableText.swift in Sources */ = {isa = PBXBuildFile; fileRef = 1A2B3C4D520000000000001C /* SelectableText.swift */; };
		1A2B3C4D530000000000002C /* SelectableText.swift in Sources */ = {isa = PBXBuildFile; fileRef = 1A2B3C4D520000000000001C /* SelectableText.swift */; };
		1A2B3C4D5300000000000004 /* Assets.xcassets in Resources */ = {isa = PBXBuildFile; fileRef = 1A2B3C4D5200000000000007 /* Assets.xcassets */; };
		1A2B3C4D5300000000000005 /* Assets.xcassets in Resources */ = {isa = PBXBuildFile; fileRef = 1A2B3C4D5200000000000007 /* Assets.xcassets */; };
		1A2B3C4D5300000000000006 /* md.too QuickLook.appex in Embed Foundation Extensions */ = {isa = PBXBuildFile; fileRef = 1A2B3C4D520000000000000A /* md.too QuickLook.appex */; settings = {ATTRIBUTES = (RemoveHeadersOnCopy, ); }; };
		1A2B3C4D5300000000000007 /* Highlight.swift in Sources */ = {isa = PBXBuildFile; fileRef = 1A2B3C4D520000000000000B /* Highlight.swift */; };
		1A2B3C4D5300000000000008 /* Highlight.swift in Sources */ = {isa = PBXBuildFile; fileRef = 1A2B3C4D520000000000000B /* Highlight.swift */; };
		1A2B3C4D5300000000000009 /* Highlight.swift in Sources */ = {isa = PBXBuildFile; fileRef = 1A2B3C4D520000000000000B /* Highlight.swift */; };
		1A2B3C4D530000000000000A /* highlights.ini in Resources */ = {isa = PBXBuildFile; fileRef = 1A2B3C4D520000000000000C /* highlights.ini */; };
		1A2B3C4D530000000000000B /* highlights.ini in Resources */ = {isa = PBXBuildFile; fileRef = 1A2B3C4D520000000000000C /* highlights.ini */; };
		1A2B3C4D530000000000000C /* highlights.ini in Resources */ = {isa = PBXBuildFile; fileRef = 1A2B3C4D520000000000000C /* highlights.ini */; };
/* End PBXBuildFile section */

/* Begin PBXContainerItemProxy section */
		1A2B3C4D5B00000000000001 /* PBXContainerItemProxy */ = {
			isa = PBXContainerItemProxy;
			containerPortal = 1A2B3C4D5000000000000001 /* Project object */;
			proxyType = 1;
			remoteGlobalIDString = 1A2B3C4D5400000000000003;
			remoteInfo = "md.too QuickLook";
		};
/* End PBXContainerItemProxy section */

/* Begin PBXCopyFilesBuildPhase section */
		1A2B3C4D5A00000000000001 /* Embed Foundation Extensions */ = {
			isa = PBXCopyFilesBuildPhase;
			buildActionMask = 2147483647;
			dstPath = "";
			dstSubfolderSpec = 13;
			files = (
				1A2B3C4D5300000000000006 /* md.too QuickLook.appex in Embed Foundation Extensions */,
			);
			name = "Embed Foundation Extensions";
			runOnlyForDeploymentPostprocessing = 0;
		};
/* End PBXCopyFilesBuildPhase section */

/* Begin PBXFileReference section */
		1A2B3C4D5200000000000001 /* MarkdownParser.swift */ = {isa = PBXFileReference; lastKnownFileType = sourcecode.swift; path = MarkdownParser.swift; sourceTree = "<group>"; };
		1A2B3C4D5200000000000002 /* Markdown.Preview.entitlements */ = {isa = PBXFileReference; lastKnownFileType = text.plist.entitlements; path = Markdown.Preview.entitlements; sourceTree = "<group>"; };
		1A2B3C4D5200000000000003 /* QuickLook.entitlements */ = {isa = PBXFileReference; lastKnownFileType = text.plist.entitlements; path = QuickLook.entitlements; sourceTree = "<group>"; };
		1A2B3C4D5200000000000004 /* Info-macOS.plist */ = {isa = PBXFileReference; lastKnownFileType = text.plist.xml; path = "Info-macOS.plist"; sourceTree = "<group>"; };
		1A2B3C4D5200000000000005 /* Info-iOS.plist */ = {isa = PBXFileReference; lastKnownFileType = text.plist.xml; path = "Info-iOS.plist"; sourceTree = "<group>"; };
		1A2B3C4D5200000000000006 /* Info-QuickLook.plist */ = {isa = PBXFileReference; lastKnownFileType = text.plist.xml; path = "Info-QuickLook.plist"; sourceTree = "<group>"; };
		1A2B3C4D5200000000000007 /* Assets.xcassets */ = {isa = PBXFileReference; lastKnownFileType = folder.assetcatalog; path = Assets.xcassets; sourceTree = "<group>"; };
		1A2B3C4D5200000000000008 /* md.too.app */ = {isa = PBXFileReference; explicitFileType = wrapper.application; includeInIndex = 0; path = md.too.app; sourceTree = BUILT_PRODUCTS_DIR; };
		1A2B3C4D5200000000000009 /* md.too.app */ = {isa = PBXFileReference; explicitFileType = wrapper.application; includeInIndex = 0; path = md.too.app; sourceTree = BUILT_PRODUCTS_DIR; };
		1A2B3C4D520000000000000A /* md.too QuickLook.appex */ = {isa = PBXFileReference; explicitFileType = "wrapper.app-extension"; includeInIndex = 0; path = "md.too QuickLook.appex"; sourceTree = BUILT_PRODUCTS_DIR; };
		1A2B3C4D520000000000000B /* Highlight.swift */ = {isa = PBXFileReference; lastKnownFileType = sourcecode.swift; path = Highlight.swift; sourceTree = "<group>"; };
		1A2B3C4D520000000000000C /* highlights.ini */ = {isa = PBXFileReference; lastKnownFileType = text; path = highlights.ini; sourceTree = "<group>"; };
		1A2B3C4D520000000000000E /* Base.xcconfig */ = {isa = PBXFileReference; lastKnownFileType = text.xcconfig; path = Base.xcconfig; sourceTree = "<group>"; };
		1A2B3C4D520000000000000F /* PDFRenderer.swift */ = {isa = PBXFileReference; lastKnownFileType = sourcecode.swift; path = PDFRenderer.swift; sourceTree = "<group>"; };
		1A2B3C4D5200000000000010 /* QuickLook.swift */ = {isa = PBXFileReference; lastKnownFileType = sourcecode.swift; path = QuickLook.swift; sourceTree = "<group>"; };
		1A2B3C4D5200000000000011 /* Bridges-macOS.swift */ = {isa = PBXFileReference; lastKnownFileType = sourcecode.swift; path = "Bridges-macOS.swift"; sourceTree = "<group>"; };
		1A2B3C4D5200000000000012 /* Bridges-iOS.swift */ = {isa = PBXFileReference; lastKnownFileType = sourcecode.swift; path = "Bridges-iOS.swift"; sourceTree = "<group>"; };
		1A2B3C4D5200000000000013 /* Platform.swift */ = {isa = PBXFileReference; lastKnownFileType = sourcecode.swift; path = Platform.swift; sourceTree = "<group>"; };
		1A2B3C4D5200000000000014 /* FontRole.swift */ = {isa = PBXFileReference; lastKnownFileType = sourcecode.swift; path = FontRole.swift; sourceTree = "<group>"; };
		1A2B3C4D5200000000000015 /* Environment.swift */ = {isa = PBXFileReference; lastKnownFileType = sourcecode.swift; path = Environment.swift; sourceTree = "<group>"; };
		1A2B3C4D5200000000000016 /* App.swift */ = {isa = PBXFileReference; lastKnownFileType = sourcecode.swift; path = App.swift; sourceTree = "<group>"; };
		1A2B3C4D5200000000000017 /* AppShell.swift */ = {isa = PBXFileReference; lastKnownFileType = sourcecode.swift; path = AppShell.swift; sourceTree = "<group>"; };
		1A2B3C4D5200000000000018 /* Toolbar.swift */ = {isa = PBXFileReference; lastKnownFileType = sourcecode.swift; path = Toolbar.swift; sourceTree = "<group>"; };
		1A2B3C4D5200000000000019 /* Toolbar-macOS.swift */ = {isa = PBXFileReference; lastKnownFileType = sourcecode.swift; path = "Toolbar-macOS.swift"; sourceTree = "<group>"; };
		1A2B3C4D520000000000001A /* MarkdownView.swift */ = {isa = PBXFileReference; lastKnownFileType = sourcecode.swift; path = MarkdownView.swift; sourceTree = "<group>"; };
		1A2B3C4D520000000000001B /* BlockViews.swift */ = {isa = PBXFileReference; lastKnownFileType = sourcecode.swift; path = BlockViews.swift; sourceTree = "<group>"; };
		1A2B3C4D520000000000001C /* SelectableText.swift */ = {isa = PBXFileReference; lastKnownFileType = sourcecode.swift; path = SelectableText.swift; sourceTree = "<group>"; };
/* End PBXFileReference section */

/* Begin PBXFrameworksBuildPhase section */
		1A2B3C4D5800000000000001 /* Frameworks */ = {
			isa = PBXFrameworksBuildPhase;
			buildActionMask = 2147483647;
			files = (
			);
			runOnlyForDeploymentPostprocessing = 0;
		};
		1A2B3C4D5800000000000002 /* Frameworks */ = {
			isa = PBXFrameworksBuildPhase;
			buildActionMask = 2147483647;
			files = (
			);
			runOnlyForDeploymentPostprocessing = 0;
		};
		1A2B3C4D5800000000000003 /* Frameworks */ = {
			isa = PBXFrameworksBuildPhase;
			buildActionMask = 2147483647;
			files = (
			);
			runOnlyForDeploymentPostprocessing = 0;
		};
/* End PBXFrameworksBuildPhase section */

/* Begin PBXGroup section */
		1A2B3C4D5100000000000001 = {
			isa = PBXGroup;
			children = (
				1A2B3C4D5100000000000003 /* src */,
				1A2B3C4D5100000000000004 /* config */,
				1A2B3C4D5200000000000007 /* Assets.xcassets */,
				1A2B3C4D5100000000000002 /* Products */,
			);
			sourceTree = "<group>";
		};
		1A2B3C4D5100000000000002 /* Products */ = {
			isa = PBXGroup;
			children = (
				1A2B3C4D5200000000000008 /* md.too.app */,
				1A2B3C4D5200000000000009 /* md.too.app */,
				1A2B3C4D520000000000000A /* md.too QuickLook.appex */,
			);
			name = Products;
			sourceTree = "<group>";
		};
		1A2B3C4D5100000000000003 /* src */ = {
			isa = PBXGroup;
			children = (
				1A2B3C4D5200000000000016 /* App.swift */,
				1A2B3C4D5200000000000017 /* AppShell.swift */,
				1A2B3C4D520000000000001B /* BlockViews.swift */,
				1A2B3C4D5200000000000012 /* Bridges-iOS.swift */,
				1A2B3C4D5200000000000011 /* Bridges-macOS.swift */,
				1A2B3C4D5200000000000015 /* Environment.swift */,
				1A2B3C4D5200000000000014 /* FontRole.swift */,
				1A2B3C4D520000000000000B /* Highlight.swift */,
				1A2B3C4D520000000000000C /* highlights.ini */,
				1A2B3C4D5200000000000001 /* MarkdownParser.swift */,
				1A2B3C4D520000000000001A /* MarkdownView.swift */,
				1A2B3C4D520000000000000F /* PDFRenderer.swift */,
				1A2B3C4D5200000000000013 /* Platform.swift */,
				1A2B3C4D5200000000000010 /* QuickLook.swift */,
				1A2B3C4D520000000000001C /* SelectableText.swift */,
				1A2B3C4D5200000000000018 /* Toolbar.swift */,
				1A2B3C4D5200000000000019 /* Toolbar-macOS.swift */,
			);
			path = src;
			sourceTree = "<group>";
		};
		1A2B3C4D5100000000000004 /* config */ = {
			isa = PBXGroup;
			children = (
				1A2B3C4D520000000000000E /* Base.xcconfig */,
				1A2B3C4D5200000000000005 /* Info-iOS.plist */,
				1A2B3C4D5200000000000004 /* Info-macOS.plist */,
				1A2B3C4D5200000000000006 /* Info-QuickLook.plist */,
				1A2B3C4D5200000000000002 /* Markdown.Preview.entitlements */,
				1A2B3C4D5200000000000003 /* QuickLook.entitlements */,
			);
			path = config;
			sourceTree = "<group>";
		};
/* End PBXGroup section */

/* Begin PBXNativeTarget section */
		1A2B3C4D5400000000000001 /* md.too macOS */ = {
			isa = PBXNativeTarget;
			buildConfigurationList = 1A2B3C4D5500000000000002 /* Build configuration list for PBXNativeTarget "md.too macOS" */;
			buildPhases = (
				1A2B3C4D5700000000000001 /* Sources */,
				1A2B3C4D5800000000000001 /* Frameworks */,
				1A2B3C4D5900000000000001 /* Resources */,
				1A2B3C4D5A00000000000001 /* Embed Foundation Extensions */,
			);
			buildRules = (
			);
			dependencies = (
				1A2B3C4D5C00000000000001 /* PBXTargetDependency */,
			);
			name = "md.too macOS";
			productName = md.too;
			productReference = 1A2B3C4D5200000000000008 /* md.too.app */;
			productType = "com.apple.product-type.application";
		};
		1A2B3C4D5400000000000002 /* md.too iOS */ = {
			isa = PBXNativeTarget;
			buildConfigurationList = 1A2B3C4D5500000000000003 /* Build configuration list for PBXNativeTarget "md.too iOS" */;
			buildPhases = (
				1A2B3C4D5700000000000002 /* Sources */,
				1A2B3C4D5800000000000002 /* Frameworks */,
				1A2B3C4D5900000000000002 /* Resources */,
			);
			buildRules = (
			);
			dependencies = (
			);
			name = "md.too iOS";
			productName = md.too;
			productReference = 1A2B3C4D5200000000000009 /* md.too.app */;
			productType = "com.apple.product-type.application";
		};
		1A2B3C4D5400000000000003 /* md.too QuickLook */ = {
			isa = PBXNativeTarget;
			buildConfigurationList = 1A2B3C4D5500000000000004 /* Build configuration list for PBXNativeTarget "md.too QuickLook" */;
			buildPhases = (
				1A2B3C4D5700000000000003 /* Sources */,
				1A2B3C4D5800000000000003 /* Frameworks */,
				1A2B3C4D5900000000000003 /* Resources */,
			);
			buildRules = (
			);
			dependencies = (
			);
			name = "md.too QuickLook";
			productName = "md.too QuickLook";
			productReference = 1A2B3C4D520000000000000A /* md.too QuickLook.appex */;
			productType = "com.apple.product-type.app-extension";
		};
/* End PBXNativeTarget section */

/* Begin PBXProject section */
		1A2B3C4D5000000000000001 /* Project object */ = {
			isa = PBXProject;
			attributes = {
				BuildIndependentTargetsInParallel = YES;
				LastSwiftUpdateCheck = 1500;
				LastUpgradeCheck = 2640;
				TargetAttributes = {
					1A2B3C4D5400000000000001 = {
						CreatedOnToolsVersion = 15.0;
					};
					1A2B3C4D5400000000000002 = {
						CreatedOnToolsVersion = 15.0;
					};
					1A2B3C4D5400000000000003 = {
						CreatedOnToolsVersion = 15.0;
					};
				};
			};
			buildConfigurationList = 1A2B3C4D5500000000000001 /* Build configuration list for PBXProject "md.too" */;
			compatibilityVersion = "Xcode 14.0";
			developmentRegion = en;
			hasScannedForEncodings = 0;
			knownRegions = (
				en,
				Base,
			);
			mainGroup = 1A2B3C4D5100000000000001;
			productRefGroup = 1A2B3C4D5100000000000002 /* Products */;
			projectDirPath = "";
			projectRoot = "";
			targets = (
				1A2B3C4D5400000000000001 /* md.too macOS */,
				1A2B3C4D5400000000000002 /* md.too iOS */,
				1A2B3C4D5400000000000003 /* md.too QuickLook */,
			);
		};
/* End PBXProject section */

/* Begin PBXResourcesBuildPhase section */
		1A2B3C4D5900000000000001 /* Resources */ = {
			isa = PBXResourcesBuildPhase;
			buildActionMask = 2147483647;
			files = (
				1A2B3C4D5300000000000004 /* Assets.xcassets in Resources */,
				1A2B3C4D530000000000000A /* highlights.ini in Resources */,
			);
			runOnlyForDeploymentPostprocessing = 0;
		};
		1A2B3C4D5900000000000002 /* Resources */ = {
			isa = PBXResourcesBuildPhase;
			buildActionMask = 2147483647;
			files = (
				1A2B3C4D5300000000000005 /* Assets.xcassets in Resources */,
				1A2B3C4D530000000000000B /* highlights.ini in Resources */,
			);
			runOnlyForDeploymentPostprocessing = 0;
		};
		1A2B3C4D5900000000000003 /* Resources */ = {
			isa = PBXResourcesBuildPhase;
			buildActionMask = 2147483647;
			files = (
				1A2B3C4D530000000000000C /* highlights.ini in Resources */,
			);
			runOnlyForDeploymentPostprocessing = 0;
		};
/* End PBXResourcesBuildPhase section */

/* Begin PBXSourcesBuildPhase section */
		1A2B3C4D5700000000000001 /* Sources */ = {
			isa = PBXSourcesBuildPhase;
			buildActionMask = 2147483647;
			files = (
				1A2B3C4D5300000000000014 /* Platform.swift in Sources */,
				1A2B3C4D5300000000000017 /* FontRole.swift in Sources */,
				1A2B3C4D530000000000001A /* Environment.swift in Sources */,
				1A2B3C4D530000000000001D /* App.swift in Sources */,
				1A2B3C4D530000000000001F /* AppShell.swift in Sources */,
				1A2B3C4D5300000000000021 /* Toolbar.swift in Sources */,
				1A2B3C4D5300000000000023 /* Toolbar-macOS.swift in Sources */,
				1A2B3C4D5300000000000001 /* MarkdownParser.swift in Sources */,
				1A2B3C4D5300000000000024 /* MarkdownView.swift in Sources */,
				1A2B3C4D5300000000000027 /* BlockViews.swift in Sources */,
				1A2B3C4D530000000000002A /* SelectableText.swift in Sources */,
				1A2B3C4D530000000000000E /* PDFRenderer.swift in Sources */,
				1A2B3C4D5300000000000011 /* Bridges-macOS.swift in Sources */,
				1A2B3C4D5300000000000007 /* Highlight.swift in Sources */,
			);
			runOnlyForDeploymentPostprocessing = 0;
		};
		1A2B3C4D5700000000000002 /* Sources */ = {
			isa = PBXSourcesBuildPhase;
			buildActionMask = 2147483647;
			files = (
				1A2B3C4D5300000000000015 /* Platform.swift in Sources */,
				1A2B3C4D5300000000000018 /* FontRole.swift in Sources */,
				1A2B3C4D530000000000001B /* Environment.swift in Sources */,
				1A2B3C4D530000000000001E /* App.swift in Sources */,
				1A2B3C4D5300000000000020 /* AppShell.swift in Sources */,
				1A2B3C4D5300000000000022 /* Toolbar.swift in Sources */,
				1A2B3C4D5300000000000002 /* MarkdownParser.swift in Sources */,
				1A2B3C4D5300000000000025 /* MarkdownView.swift in Sources */,
				1A2B3C4D5300000000000028 /* BlockViews.swift in Sources */,
				1A2B3C4D530000000000002B /* SelectableText.swift in Sources */,
				1A2B3C4D530000000000000F /* PDFRenderer.swift in Sources */,
				1A2B3C4D5300000000000013 /* Bridges-iOS.swift in Sources */,
				1A2B3C4D5300000000000008 /* Highlight.swift in Sources */,
			);
			runOnlyForDeploymentPostprocessing = 0;
		};
		1A2B3C4D5700000000000003 /* Sources */ = {
			isa = PBXSourcesBuildPhase;
			buildActionMask = 2147483647;
			files = (
				1A2B3C4D5300000000000016 /* Platform.swift in Sources */,
				1A2B3C4D5300000000000019 /* FontRole.swift in Sources */,
				1A2B3C4D530000000000001C /* Environment.swift in Sources */,
				1A2B3C4D5300000000000003 /* MarkdownParser.swift in Sources */,
				1A2B3C4D5300000000000026 /* MarkdownView.swift in Sources */,
				1A2B3C4D5300000000000029 /* BlockViews.swift in Sources */,
				1A2B3C4D530000000000002C /* SelectableText.swift in Sources */,
				1A2B3C4D5300000000000010 /* QuickLook.swift in Sources */,
				1A2B3C4D5300000000000012 /* Bridges-macOS.swift in Sources */,
				1A2B3C4D5300000000000009 /* Highlight.swift in Sources */,
			);
			runOnlyForDeploymentPostprocessing = 0;
		};
/* End PBXSourcesBuildPhase section */

/* Begin PBXTargetDependency section */
		1A2B3C4D5C00000000000001 /* PBXTargetDependency */ = {
			isa = PBXTargetDependency;
			target = 1A2B3C4D5400000000000003 /* md.too QuickLook */;
			targetProxy = 1A2B3C4D5B00000000000001 /* PBXContainerItemProxy */;
		};
/* End PBXTargetDependency section */

/* Begin XCBuildConfiguration section */
		1A2B3C4D5600000000000001 /* Debug */ = {
			isa = XCBuildConfiguration;
			baseConfigurationReference = 1A2B3C4D520000000000000E /* Base.xcconfig */;
			buildSettings = {
				ALWAYS_SEARCH_USER_PATHS = NO;
				CLANG_ANALYZER_NONNULL = YES;
				CLANG_ANALYZER_NUMBER_OBJECT_CONVERSION = YES_AGGRESSIVE;
				CLANG_CXX_LANGUAGE_STANDARD = "gnu++20";
				CLANG_ENABLE_MODULES = YES;
				CLANG_ENABLE_OBJC_ARC = YES;
				CLANG_ENABLE_OBJC_WEAK = YES;
				CLANG_WARN_BLOCK_CAPTURE_AUTORELEASING = YES;
				CLANG_WARN_BOOL_CONVERSION = YES;
				CLANG_WARN_COMMA = YES;
				CLANG_WARN_CONSTANT_CONVERSION = YES;
				CLANG_WARN_DEPRECATED_OBJC_IMPLEMENTATIONS = YES;
				CLANG_WARN_DIRECT_OBJC_ISA_USAGE = YES_ERROR;
				CLANG_WARN_DOCUMENTATION_COMMENTS = YES;
				CLANG_WARN_EMPTY_BODY = YES;
				CLANG_WARN_ENUM_CONVERSION = YES;
				CLANG_WARN_INFINITE_RECURSION = YES;
				CLANG_WARN_INT_CONVERSION = YES;
				CLANG_WARN_NON_LITERAL_NULL_CONVERSION = YES;
				CLANG_WARN_OBJC_IMPLICIT_RETAIN_SELF = YES;
				CLANG_WARN_OBJC_LITERAL_CONVERSION = YES;
				CLANG_WARN_OBJC_ROOT_CLASS = YES_ERROR;
				CLANG_WARN_QUOTED_INCLUDE_IN_FRAMEWORK_HEADER = YES;
				CLANG_WARN_RANGE_LOOP_ANALYSIS = YES;
				CLANG_WARN_STRICT_PROTOTYPES = YES;
				CLANG_WARN_SUSPICIOUS_MOVE = YES;
				CLANG_WARN_UNGUARDED_AVAILABILITY = YES_AGGRESSIVE;
				CLANG_WARN_UNREACHABLE_CODE = YES;
				CLANG_WARN__DUPLICATE_METHOD_MATCH = YES;
				COPY_PHASE_STRIP = NO;
				DEAD_CODE_STRIPPING = YES;
				DEBUG_INFORMATION_FORMAT = dwarf;
				ENABLE_STRICT_OBJC_MSGSEND = YES;
				ENABLE_TESTABILITY = YES;
				ENABLE_USER_SCRIPT_SANDBOXING = YES;
				GCC_C_LANGUAGE_STANDARD = gnu17;
				GCC_DYNAMIC_NO_PIC = NO;
				GCC_NO_COMMON_BLOCKS = YES;
				GCC_OPTIMIZATION_LEVEL = 0;
				GCC_PREPROCESSOR_DEFINITIONS = (
					"DEBUG=1",
					"$(inherited)",
				);
				GCC_WARN_64_TO_32_BIT_CONVERSION = YES;
				GCC_WARN_ABOUT_RETURN_TYPE = YES_ERROR;
				GCC_WARN_UNDECLARED_SELECTOR = YES;
				GCC_WARN_UNINITIALIZED_AUTOS = YES_AGGRESSIVE;
				GCC_WARN_UNUSED_FUNCTION = YES;
				GCC_WARN_UNUSED_VARIABLE = YES;
				LOCALIZATION_PREFERS_STRING_CATALOGS = YES;
				MTL_ENABLE_DEBUG_INFO = INCLUDE_SOURCE;
				MTL_FAST_MATH = YES;
				ONLY_ACTIVE_ARCH = YES;
				STRING_CATALOG_GENERATE_SYMBOLS = YES;
				SWIFT_ACTIVE_COMPILATION_CONDITIONS = "DEBUG $(inherited)";
				SWIFT_OPTIMIZATION_LEVEL = "-Onone";
			};
			name = Debug;
		};
		1A2B3C4D5600000000000002 /* Release */ = {
			isa = XCBuildConfiguration;
			baseConfigurationReference = 1A2B3C4D520000000000000E /* Base.xcconfig */;
			buildSettings = {
				ALWAYS_SEARCH_USER_PATHS = NO;
				CLANG_ANALYZER_NONNULL = YES;
				CLANG_ANALYZER_NUMBER_OBJECT_CONVERSION = YES_AGGRESSIVE;
				CLANG_CXX_LANGUAGE_STANDARD = "gnu++20";
				CLANG_ENABLE_MODULES = YES;
				CLANG_ENABLE_OBJC_ARC = YES;
				CLANG_ENABLE_OBJC_WEAK = YES;
				CLANG_WARN_BLOCK_CAPTURE_AUTORELEASING = YES;
				CLANG_WARN_BOOL_CONVERSION = YES;
				CLANG_WARN_COMMA = YES;
				CLANG_WARN_CONSTANT_CONVERSION = YES;
				CLANG_WARN_DEPRECATED_OBJC_IMPLEMENTATIONS = YES;
				CLANG_WARN_DIRECT_OBJC_ISA_USAGE = YES_ERROR;
				CLANG_WARN_DOCUMENTATION_COMMENTS = YES;
				CLANG_WARN_EMPTY_BODY = YES;
				CLANG_WARN_ENUM_CONVERSION = YES;
				CLANG_WARN_INFINITE_RECURSION = YES;
				CLANG_WARN_INT_CONVERSION = YES;
				CLANG_WARN_NON_LITERAL_NULL_CONVERSION = YES;
				CLANG_WARN_OBJC_IMPLICIT_RETAIN_SELF = YES;
				CLANG_WARN_OBJC_LITERAL_CONVERSION = YES;
				CLANG_WARN_OBJC_ROOT_CLASS = YES_ERROR;
				CLANG_WARN_QUOTED_INCLUDE_IN_FRAMEWORK_HEADER = YES;
				CLANG_WARN_RANGE_LOOP_ANALYSIS = YES;
				CLANG_WARN_STRICT_PROTOTYPES = YES;
				CLANG_WARN_SUSPICIOUS_MOVE = YES;
				CLANG_WARN_UNGUARDED_AVAILABILITY = YES_AGGRESSIVE;
				CLANG_WARN_UNREACHABLE_CODE = YES;
				CLANG_WARN__DUPLICATE_METHOD_MATCH = YES;
				COPY_PHASE_STRIP = NO;
				DEAD_CODE_STRIPPING = YES;
				DEBUG_INFORMATION_FORMAT = "dwarf-with-dsym";
				ENABLE_NS_ASSERTIONS = NO;
				ENABLE_STRICT_OBJC_MSGSEND = YES;
				ENABLE_USER_SCRIPT_SANDBOXING = YES;
				GCC_C_LANGUAGE_STANDARD = gnu17;
				GCC_NO_COMMON_BLOCKS = YES;
				GCC_WARN_64_TO_32_BIT_CONVERSION = YES;
				GCC_WARN_ABOUT_RETURN_TYPE = YES_ERROR;
				GCC_WARN_UNDECLARED_SELECTOR = YES;
				GCC_WARN_UNINITIALIZED_AUTOS = YES_AGGRESSIVE;
				GCC_WARN_UNUSED_FUNCTION = YES;
				GCC_WARN_UNUSED_VARIABLE = YES;
				LOCALIZATION_PREFERS_STRING_CATALOGS = YES;
				MTL_ENABLE_DEBUG_INFO = NO;
				MTL_FAST_MATH = YES;
				STRING_CATALOG_GENERATE_SYMBOLS = YES;
				SWIFT_COMPILATION_MODE = wholemodule;
				SWIFT_OPTIMIZATION_LEVEL = "-O";
			};
			name = Release;
		};
		1A2B3C4D5600000000000003 /* Debug */ = {
			isa = XCBuildConfiguration;
			buildSettings = {
				ASSETCATALOG_COMPILER_APPICON_NAME = AppIcon;
				CODE_SIGN_ENTITLEMENTS = config/Markdown.Preview.debug.entitlements;
				CODE_SIGN_IDENTITY = "Apple Development";
				CODE_SIGN_STYLE = Automatic;
				COMBINE_HIDPI_IMAGES = YES;
				DEAD_CODE_STRIPPING = YES;
				DEVELOPMENT_TEAM = 692R843P25;
				ENABLE_HARDENED_RUNTIME = YES;
				GENERATE_INFOPLIST_FILE = NO;
				INFOPLIST_FILE = "config/Info-macOS.plist";
				INFOPLIST_KEY_LSApplicationCategoryType = "public.app-category.productivity";
				LD_RUNPATH_SEARCH_PATHS = (
					"$(inherited)",
					"@executable_path/../Frameworks",
				);
				MACOSX_DEPLOYMENT_TARGET = 13.0;
				PRODUCT_BUNDLE_IDENTIFIER = com.leok7v.md.too;
				PRODUCT_MODULE_NAME = MarkdownPreview;
				PRODUCT_NAME = md.too;
				PROVISIONING_PROFILE_SPECIFIER = "";
				SDKROOT = macosx;
				SUPPORTED_PLATFORMS = macosx;
				SWIFT_EMIT_LOC_STRINGS = YES;
				SWIFT_VERSION = 5.0;
			};
			name = Debug;
		};
		1A2B3C4D5600000000000004 /* Release */ = {
			isa = XCBuildConfiguration;
			buildSettings = {
				ASSETCATALOG_COMPILER_APPICON_NAME = AppIcon;
				CODE_SIGN_ENTITLEMENTS = config/Markdown.Preview.entitlements;
				CODE_SIGN_IDENTITY = "Apple Development";
				CODE_SIGN_STYLE = Automatic;
				COMBINE_HIDPI_IMAGES = YES;
				DEAD_CODE_STRIPPING = YES;
				DEVELOPMENT_TEAM = 692R843P25;
				ENABLE_HARDENED_RUNTIME = YES;
				GENERATE_INFOPLIST_FILE = NO;
				INFOPLIST_FILE = "config/Info-macOS.plist";
				INFOPLIST_KEY_LSApplicationCategoryType = "public.app-category.productivity";
				LD_RUNPATH_SEARCH_PATHS = (
					"$(inherited)",
					"@executable_path/../Frameworks",
				);
				MACOSX_DEPLOYMENT_TARGET = 13.0;
				PRODUCT_BUNDLE_IDENTIFIER = com.leok7v.md.too;
				PRODUCT_MODULE_NAME = MarkdownPreview;
				PRODUCT_NAME = md.too;
				PROVISIONING_PROFILE_SPECIFIER = "";
				SDKROOT = macosx;
				SUPPORTED_PLATFORMS = macosx;
				SWIFT_EMIT_LOC_STRINGS = YES;
				SWIFT_VERSION = 5.0;
			};
			name = Release;
		};
		1A2B3C4D5600000000000005 /* Debug */ = {
			isa = XCBuildConfiguration;
			buildSettings = {
				ASSETCATALOG_COMPILER_APPICON_NAME = AppIcon;
				CODE_SIGN_IDENTITY = "Apple Development";
				CODE_SIGN_STYLE = Automatic;
				DEVELOPMENT_TEAM = 692R843P25;
				GENERATE_INFOPLIST_FILE = NO;
				INFOPLIST_FILE = "config/Info-iOS.plist";
				INFOPLIST_KEY_CFBundleDisplayName = Markdown;
				INFOPLIST_KEY_LSApplicationCategoryType = "public.app-category.productivity";
				IPHONEOS_DEPLOYMENT_TARGET = 16.0;
				LD_RUNPATH_SEARCH_PATHS = (
					"$(inherited)",
					"@executable_path/Frameworks",
				);
				PRODUCT_BUNDLE_IDENTIFIER = com.leok7v.md.too;
				PRODUCT_MODULE_NAME = MarkdownPreview;
				PRODUCT_NAME = md.too;
				PROVISIONING_PROFILE_SPECIFIER = "";
				SDKROOT = iphoneos;
				SUPPORTED_PLATFORMS = "iphoneos iphonesimulator";
				SUPPORTS_MACCATALYST = NO;
				SUPPORTS_XR_DESIGNED_FOR_IPHONE_IPAD = NO;
				SWIFT_EMIT_LOC_STRINGS = YES;
				SWIFT_VERSION = 5.0;
				TARGETED_DEVICE_FAMILY = "1,2";
			};
			name = Debug;
		};
		1A2B3C4D5600000000000006 /* Release */ = {
			isa = XCBuildConfiguration;
			buildSettings = {
				ASSETCATALOG_COMPILER_APPICON_NAME = AppIcon;
				CODE_SIGN_IDENTITY = "Apple Development";
				CODE_SIGN_STYLE = Automatic;
				DEVELOPMENT_TEAM = 692R843P25;
				GENERATE_INFOPLIST_FILE = NO;
				INFOPLIST_FILE = "config/Info-iOS.plist";
				INFOPLIST_KEY_CFBundleDisplayName = Markdown;
				INFOPLIST_KEY_LSApplicationCategoryType = "public.app-category.productivity";
				IPHONEOS_DEPLOYMENT_TARGET = 16.0;
				LD_RUNPATH_SEARCH_PATHS = (
					"$(inherited)",
					"@executable_path/Frameworks",
				);
				PRODUCT_BUNDLE_IDENTIFIER = com.leok7v.md.too;
				PRODUCT_MODULE_NAME = MarkdownPreview;
				PRODUCT_NAME = md.too;
				PROVISIONING_PROFILE_SPECIFIER = "";
				SDKROOT = iphoneos;
				SUPPORTED_PLATFORMS = "iphoneos iphonesimulator";
				SUPPORTS_MACCATALYST = NO;
				SUPPORTS_XR_DESIGNED_FOR_IPHONE_IPAD = NO;
				SWIFT_EMIT_LOC_STRINGS = YES;
				SWIFT_VERSION = 5.0;
				TARGETED_DEVICE_FAMILY = "1,2";
				VALIDATE_PRODUCT = YES;
			};
			name = Release;
		};
		1A2B3C4D5600000000000007 /* Debug */ = {
			isa = XCBuildConfiguration;
			buildSettings = {
				CODE_SIGN_ENTITLEMENTS = config/QuickLook.debug.entitlements;
				CODE_SIGN_STYLE = Automatic;
				DEAD_CODE_STRIPPING = YES;
				DEVELOPMENT_TEAM = 692R843P25;
				ENABLE_HARDENED_RUNTIME = YES;
				GENERATE_INFOPLIST_FILE = NO;
				INFOPLIST_FILE = "config/Info-QuickLook.plist";
				LD_RUNPATH_SEARCH_PATHS = (
					"$(inherited)",
					"@executable_path/../Frameworks",
					"@executable_path/../../../../Frameworks",
				);
				MACOSX_DEPLOYMENT_TARGET = 13.0;
				PRODUCT_BUNDLE_IDENTIFIER = com.leok7v.md.too.QuickLook;
				PRODUCT_MODULE_NAME = MarkdownPreviewQuickLook;
				PRODUCT_NAME = "md.too QuickLook";
				REGISTER_APP_GROUPS = YES;
				SDKROOT = macosx;
				SKIP_INSTALL = YES;
				SUPPORTED_PLATFORMS = macosx;
				SWIFT_ACTIVE_COMPILATION_CONDITIONS = "$(inherited) QUICKLOOK_EXTENSION";
				SWIFT_EMIT_LOC_STRINGS = YES;
				SWIFT_VERSION = 5.0;
			};
			name = Debug;
		};
		1A2B3C4D5600000000000008 /* Release */ = {
			isa = XCBuildConfiguration;
			buildSettings = {
				CODE_SIGN_ENTITLEMENTS = config/QuickLook.entitlements;
				CODE_SIGN_STYLE = Automatic;
				DEAD_CODE_STRIPPING = YES;
				DEVELOPMENT_TEAM = 692R843P25;
				ENABLE_HARDENED_RUNTIME = YES;
				GENERATE_INFOPLIST_FILE = NO;
				INFOPLIST_FILE = "config/Info-QuickLook.plist";
				LD_RUNPATH_SEARCH_PATHS = (
					"$(inherited)",
					"@executable_path/../Frameworks",
					"@executable_path/../../../../Frameworks",
				);
				MACOSX_DEPLOYMENT_TARGET = 13.0;
				PRODUCT_BUNDLE_IDENTIFIER = com.leok7v.md.too.QuickLook;
				PRODUCT_MODULE_NAME = MarkdownPreviewQuickLook;
				PRODUCT_NAME = "md.too QuickLook";
				REGISTER_APP_GROUPS = YES;
				SDKROOT = macosx;
				SKIP_INSTALL = YES;
				SUPPORTED_PLATFORMS = macosx;
				SWIFT_ACTIVE_COMPILATION_CONDITIONS = "$(inherited) QUICKLOOK_EXTENSION";
				SWIFT_EMIT_LOC_STRINGS = YES;
				SWIFT_VERSION = 5.0;
			};
			name = Release;
		};
/* End XCBuildConfiguration section */

/* Begin XCConfigurationList section */
		1A2B3C4D5500000000000001 /* Build configuration list for PBXProject "md.too" */ = {
			isa = XCConfigurationList;
			buildConfigurations = (
				1A2B3C4D5600000000000001 /* Debug */,
				1A2B3C4D5600000000000002 /* Release */,
			);
			defaultConfigurationIsVisible = 0;
			defaultConfigurationName = Release;
		};
		1A2B3C4D5500000000000002 /* Build configuration list for PBXNativeTarget "md.too macOS" */ = {
			isa = XCConfigurationList;
			buildConfigurations = (
				1A2B3C4D5600000000000003 /* Debug */,
				1A2B3C4D5600000000000004 /* Release */,
			);
			defaultConfigurationIsVisible = 0;
			defaultConfigurationName = Release;
		};
		1A2B3C4D5500000000000003 /* Build configuration list for PBXNativeTarget "md.too iOS" */ = {
			isa = XCConfigurationList;
			buildConfigurations = (
				1A2B3C4D5600000000000005 /* Debug */,
				1A2B3C4D5600000000000006 /* Release */,
			);
			defaultConfigurationIsVisible = 0;
			defaultConfigurationName = Release;
		};
		1A2B3C4D5500000000000004 /* Build configuration list for PBXNativeTarget "md.too QuickLook" */ = {
			isa = XCConfigurationList;
			buildConfigurations = (
				1A2B3C4D5600000000000007 /* Debug */,
				1A2B3C4D5600000000000008 /* Release */,
			);
			defaultConfigurationIsVisible = 0;
			defaultConfigurationName = Release;
		};
/* End XCConfigurationList section */
	};
	rootObject = 1A2B3C4D5000000000000001 /* Project object */;
}
